
Microsoft Visual Studio Solution File, Format Version 12.00
# Visual Studio Version 16
VisualStudioVersion = 16.0.29613.14
MinimumVisualStudioVersion = 10.0.40219.1
Project("{FAE04EC0-301F-11D3-BF4B-00C04F79EFBC}") = "CardGames.Core", "CardGames.Core\CardGames.Core.csproj", "{D99E34FC-FF0D-494F-82F3-703422B83E86}"
EndProject
Project("{9A19103F-16F7-4668-BE54-9A1E7A4F7556}") = "CardGames.ConsoleVersion", "CardGames.ConsoleVersion\CardGames.ConsoleVersion.csproj", "{0F498F39-817A-437F-8014-AAE339519397}"
EndProject
Project("{FAE04EC0-301F-11D3-BF4B-00C04F79EFBC}") = "CardGames.Test", "CardGames.Test\CardGames.Test.csproj", "{592A94B3-C10A-41A3-A2EE-24C2098E5B7E}"
EndProject
Project("{9A19103F-16F7-4668-BE54-9A1E7A4F7556}") = "SamUtils", "..\..\ClassLibraries\SamUtils\SamUtils.csproj", "{A24FAA77-61FC-4EC1-9A35-41C1C802D57A}"
EndProject
Global
	GlobalSection(SolutionConfigurationPlatforms) = preSolution
		Debug|Any CPU = Debug|Any CPU
		Release|Any CPU = Release|Any CPU
	EndGlobalSection
	GlobalSection(ProjectConfigurationPlatforms) = postSolution
		{D99E34FC-FF0D-494F-82F3-703422B83E86}.Debug|Any CPU.ActiveCfg = Debug|Any CPU
		{D99E34FC-FF0D-494F-82F3-703422B83E86}.Debug|Any CPU.Build.0 = Debug|Any CPU
		{D99E34FC-FF0D-494F-82F3-703422B83E86}.Release|Any CPU.ActiveCfg = Release|Any CPU
		{D99E34FC-FF0D-494F-82F3-703422B83E86}.Release|Any CPU.Build.0 = Release|Any CPU
		{0F498F39-817A-437F-8014-AAE339519397}.Debug|Any CPU.ActiveCfg = Debug|Any CPU
		{0F498F39-817A-437F-8014-AAE339519397}.Debug|Any CPU.Build.0 = Debug|Any CPU
		{0F498F39-817A-437F-8014-AAE339519397}.Release|Any CPU.ActiveCfg = Release|Any CPU
		{0F498F39-817A-437F-8014-AAE339519397}.Release|Any CPU.Build.0 = Release|Any CPU
		{592A94B3-C10A-41A3-A2EE-24C2098E5B7E}.Debug|Any CPU.ActiveCfg = Debug|Any CPU
		{592A94B3-C10A-41A3-A2EE-24C2098E5B7E}.Debug|Any CPU.Build.0 = Debug|Any CPU
		{592A94B3-C10A-41A3-A2EE-24C2098E5B7E}.Release|Any CPU.ActiveCfg = Release|Any CPU
		{592A94B3-C10A-41A3-A2EE-24C2098E5B7E}.Release|Any CPU.Build.0 = Release|Any CPU
		{A24FAA77-61FC-4EC1-9A35-41C1C802D57A}.Debug|Any CPU.ActiveCfg = Debug|Any CPU
		{A24FAA77-61FC-4EC1-9A35-41C1C802D57A}.Debug|Any CPU.Build.0 = Debug|Any CPU
		{A24FAA77-61FC-4EC1-9A35-41C1C802D57A}.Release|Any CPU.ActiveCfg = Release|Any CPU
		{A24FAA77-61FC-4EC1-9A35-41C1C802D57A}.Release|Any CPU.Build.0 = Release|Any CPU
	EndGlobalSection
	GlobalSection(SolutionProperties) = preSolution
		HideSolutionNode = FALSE
	EndGlobalSection
	GlobalSection(ExtensibilityGlobals) = postSolution
		SolutionGuid = {66EE7491-AFFD-4442-B533-94B2472073D6}
	EndGlobalSection
EndGlobal
